
Microsoft Visual Studio Solution File, Format Version 12.00
# Visual Studio Version 16
VisualStudioVersion = 16.0.33927.289
MinimumVisualStudioVersion = 10.0.40219.1
Project("{2150E333-8FDC-42A3-9474-1A3956D46DE8}") = "Task0", "Task0", "{745BABDB-C2BC-451A-8CC7-2F278746C72E}"
EndProject
Project("{FAE04EC0-301F-11D3-BF4B-00C04F79EFBC}") = "Tyuiu.GornovTA.Sprint5.Task0.V12", "Tyuiu.GornovTA.Sprint5.Task0.V12\Tyuiu.GornovTA.Sprint5.Task0.V12.csproj", "{D38328A3-7465-4F68-9EE8-0083EB4647DE}"
EndProject
Project("{FAE04EC0-301F-11D3-BF4B-00C04F79EFBC}") = "Tyuiu.GornovTA.Sprint5.Task0.V12.Lib", "Tyuiu.GornovTA.Sprint5.Task0.V12.Lib\Tyuiu.GornovTA.Sprint5.Task0.V12.Lib.csproj", "{E0A980A1-2D99-47A6-ADB9-EAC86E26BC6C}"
EndProject
Project("{FAE04EC0-301F-11D3-BF4B-00C04F79EFBC}") = "Tyuiu.GornovTA.Sprint5.Task0.V12.Test", "Tyuiu.GornovTA.Sprint5.Task0.V12.Test\Tyuiu.GornovTA.Sprint5.Task0.V12.Test.csproj", "{9FB6013B-2AD0-418E-8613-3F2D651CE47F}"
EndProject
Project("{2150E333-8FDC-42A3-9474-1A3956D46DE8}") = "Task1", "Task1", "{66429E6F-1BED-41D8-9855-CC5F4631F258}"
EndProject
Project("{FAE04EC0-301F-11D3-BF4B-00C04F79EFBC}") = "Tyuiu.GornovTA.Sprint5.Task1.V18", "Tyuiu.GornovTA.Sprint5.Task1.V18\Tyuiu.GornovTA.Sprint5.Task1.V18.csproj", "{C90BEC72-AD00-4D63-BBFE-FB66830EED28}"
EndProject
Project("{FAE04EC0-301F-11D3-BF4B-00C04F79EFBC}") = "Tyuiu.GornovTA.Sprint5.Task1.V18.Test", "Tyuiu.GornovTA.Sprint5.Task1.V18.Test\Tyuiu.GornovTA.Sprint5.Task1.V18.Test.csproj", "{DECC8FC7-A6A6-40EF-9534-24FAB5FF91C2}"
EndProject
Project("{FAE04EC0-301F-11D3-BF4B-00C04F79EFBC}") = "Tyuiu.GornovTA.Sprint5.Task1.V18.Lib", "Tyuiu.GornovTA.Sprint5.Task1.V18.Lib\Tyuiu.GornovTA.Sprint5.Task1.V18.Lib.csproj", "{4B5B7FB1-C073-44E0-A066-3A5E87A4282D}"
EndProject
Project("{2150E333-8FDC-42A3-9474-1A3956D46DE8}") = "Task2", "Task2", "{375F4CD8-6267-4917-BC53-27438D00C182}"
EndProject
Project("{FAE04EC0-301F-11D3-BF4B-00C04F79EFBC}") = "Tyuiu.GornovTA.Sprint5.Task2.V3", "Tyuiu.GornovTA.Sprint5.Task2.V3\Tyuiu.GornovTA.Sprint5.Task2.V3.csproj", "{33FAA120-D8D2-4D17-BE12-74376178573A}"
EndProject
Project("{FAE04EC0-301F-11D3-BF4B-00C04F79EFBC}") = "Tyuiu.GornovTA.Sprint5.Task2.V3.Lib", "Tyuiu.GornovTA.Sprint5.Task2.V3.Lib\Tyuiu.GornovTA.Sprint5.Task2.V3.Lib.csproj", "{C3894346-1E94-4B60-8415-ECD1EF6AE792}"
EndProject
Project("{FAE04EC0-301F-11D3-BF4B-00C04F79EFBC}") = "Tyuiu.GornovTA.Sprint5.Task2.V3.Test", "Tyuiu.GornovTA.Sprint5.Task2.V3.Test\Tyuiu.GornovTA.Sprint5.Task2.V3.Test.csproj", "{AD2A62B7-B215-4FB3-9BCF-530B7BD3872C}"
EndProject
Project("{2150E333-8FDC-42A3-9474-1A3956D46DE8}") = "Task3", "Task3", "{FB228E09-075A-4BB4-B821-B31042974FC0}"
EndProject
Project("{FAE04EC0-301F-11D3-BF4B-00C04F79EFBC}") = "Tyuiu.GornovTA.Sprint5.Task3.V6", "Tyuiu.GornovTA.Sprint5.Task3.V6\Tyuiu.GornovTA.Sprint5.Task3.V6.csproj", "{ADE882FE-0EA2-4AFD-8A5D-7BBCEA0428CC}"
EndProject
Project("{FAE04EC0-301F-11D3-BF4B-00C04F79EFBC}") = "Tyuiu.GornovTA.Sprint5.Task3.V6.Test", "Tyuiu.GornovTA.Sprint5.Task3.V6.Test\Tyuiu.GornovTA.Sprint5.Task3.V6.Test.csproj", "{F1FC4DDB-E078-451B-A752-A48A99F8DFF9}"
EndProject
Project("{FAE04EC0-301F-11D3-BF4B-00C04F79EFBC}") = "Tyuiu.GornovTA.Sprint5.Task3.V6.Lib", "Tyuiu.GornovTA.Sprint5.Task3.V6.Lib\Tyuiu.GornovTA.Sprint5.Task3.V6.Lib.csproj", "{B3279090-2332-4485-9B0D-74281DBBD560}"
EndProject
Project("{2150E333-8FDC-42A3-9474-1A3956D46DE8}") = "Task4", "Task4", "{F869F3C3-8E51-4509-809B-A5ABC0089693}"
EndProject
Project("{FAE04EC0-301F-11D3-BF4B-00C04F79EFBC}") = "Tyuiu.GornovTA.Sprint5.Task4.V1", "Tyuiu.GornovTA.Sprint5.Task4.V1\Tyuiu.GornovTA.Sprint5.Task4.V1.csproj", "{4FEA1B00-40A1-4805-9F3C-E33E3E632C61}"
EndProject
Project("{FAE04EC0-301F-11D3-BF4B-00C04F79EFBC}") = "Tyuiu.GornovTA.Sprint5.Task4.V1.Lib", "Tyuiu.GornovTA.Sprint5.Task4.V1.Lib\Tyuiu.GornovTA.Sprint5.Task4.V1.Lib.csproj", "{2AC516A0-DC47-49CA-B30F-49AEF7D59BD7}"
EndProject
Project("{FAE04EC0-301F-11D3-BF4B-00C04F79EFBC}") = "Tyuiu.GornovTA.Sprint5.Task4.V1.Test", "Tyuiu.GornovTA.Sprint5.Task4.V1.Test\Tyuiu.GornovTA.Sprint5.Task4.V1.Test.csproj", "{9A7B8BD6-27AA-4715-ADD7-6BC46CE1C2E6}"
EndProject
Project("{2150E333-8FDC-42A3-9474-1A3956D46DE8}") = "Task5", "Task5", "{DD0BA6AB-32FA-469E-9E00-32D1F3907904}"
EndProject
Project("{FAE04EC0-301F-11D3-BF4B-00C04F79EFBC}") = "Tyuiu.GornovTA.Sprint5.Task5.V25", "Tyuiu.GornovTA.Sprint5.Task5.V25\Tyuiu.GornovTA.Sprint5.Task5.V25.csproj", "{38E0C1E8-B3B9-4E0F-A7B0-BAF9DC0D5541}"
EndProject
Project("{FAE04EC0-301F-11D3-BF4B-00C04F79EFBC}") = "Tyuiu.GornovTA.Sprint5.Task5.V25.Test", "Tyuiu.GornovTA.Sprint5.Task5.V25.Test\Tyuiu.GornovTA.Sprint5.Task5.V25.Test.csproj", "{8E461A12-2F89-4471-A22B-07490362AE50}"
EndProject
Project("{FAE04EC0-301F-11D3-BF4B-00C04F79EFBC}") = "Tyuiu.GornovTA.Sprint5.Task5.V25.Lib", "Tyuiu.GornovTA.Sprint5.Task5.V25.Lib\Tyuiu.GornovTA.Sprint5.Task5.V25.Lib.csproj", "{A20A6FDC-BFC0-4883-9036-72CF3ABFD548}"
EndProject
Project("{2150E333-8FDC-42A3-9474-1A3956D46DE8}") = "Task6", "Task6", "{839E7129-99C1-482C-9494-DEE677D6FDDB}"
EndProject
Project("{FAE04EC0-301F-11D3-BF4B-00C04F79EFBC}") = "Tyuiu.GornovTA.Sprint5.Task6.V22", "Tyuiu.GornovTA.Sprint5.Task6.V22\Tyuiu.GornovTA.Sprint5.Task6.V22.csproj", "{A84AA9A3-AF54-4724-9403-A9E06899F84B}"
EndProject
Project("{FAE04EC0-301F-11D3-BF4B-00C04F79EFBC}") = "Tyuiu.GornovTA.Sprint5.Task6.V22.Lib", "Tyuiu.GornovTA.Sprint5.Task6.V22.Lib\Tyuiu.GornovTA.Sprint5.Task6.V22.Lib.csproj", "{658434D2-9B12-4754-9410-8053985F2BBA}"
EndProject
Project("{FAE04EC0-301F-11D3-BF4B-00C04F79EFBC}") = "Tyuiu.GornovTA.Sprint5.Task6.V22.Test", "Tyuiu.GornovTA.Sprint5.Task6.V22.Test\Tyuiu.GornovTA.Sprint5.Task6.V22.Test.csproj", "{E48E7B7D-3068-4E1D-82D5-F14442F72147}"
EndProject
Project("{2150E333-8FDC-42A3-9474-1A3956D46DE8}") = "Task7", "Task7", "{18129A39-5074-4AB8-9520-DCFC091230EE}"
EndProject
Project("{FAE04EC0-301F-11D3-BF4B-00C04F79EFBC}") = "Tyuiu.GornovTA.Sprint5.Task7.V23", "Tyuiu.GornovTA.Sprint5.Task7.V23\Tyuiu.GornovTA.Sprint5.Task7.V23.csproj", "{5BB66915-2D7E-4FAA-A783-59050894C867}"
EndProject
Project("{FAE04EC0-301F-11D3-BF4B-00C04F79EFBC}") = "Tyuiu.GornovTA.Sprint5.Task7.V23.Test", "Tyuiu.GornovTA.Sprint5.Task7.V23.Test\Tyuiu.GornovTA.Sprint5.Task7.V23.Test.csproj", "{6E527917-50E4-4466-924D-856A9B54C711}"
EndProject
Project("{FAE04EC0-301F-11D3-BF4B-00C04F79EFBC}") = "Tyuiu.GornovTA.Sprint5.Task7.V23.Lib", "Tyuiu.GornovTA.Sprint5.Task7.V23.Lib\Tyuiu.GornovTA.Sprint5.Task7.V23.Lib.csproj", "{51CC2D0D-A8E2-45C8-A4A5-0F11CBB5A774}"
EndProject
Global
	GlobalSection(SolutionConfigurationPlatforms) = preSolution
		Debug|Any CPU = Debug|Any CPU
		Release|Any CPU = Release|Any CPU
	EndGlobalSection
	GlobalSection(ProjectConfigurationPlatforms) = postSolution
		{D38328A3-7465-4F68-9EE8-0083EB4647DE}.Debug|Any CPU.ActiveCfg = Debug|Any CPU
		{D38328A3-7465-4F68-9EE8-0083EB4647DE}.Debug|Any CPU.Build.0 = Debug|Any CPU
		{D38328A3-7465-4F68-9EE8-0083EB4647DE}.Release|Any CPU.ActiveCfg = Release|Any CPU
		{D38328A3-7465-4F68-9EE8-0083EB4647DE}.Release|Any CPU.Build.0 = Release|Any CPU
		{E0A980A1-2D99-47A6-ADB9-EAC86E26BC6C}.Debug|Any CPU.ActiveCfg = Debug|Any CPU
		{E0A980A1-2D99-47A6-ADB9-EAC86E26BC6C}.Debug|Any CPU.Build.0 = Debug|Any CPU
		{E0A980A1-2D99-47A6-ADB9-EAC86E26BC6C}.Release|Any CPU.ActiveCfg = Release|Any CPU
		{E0A980A1-2D99-47A6-ADB9-EAC86E26BC6C}.Release|Any CPU.Build.0 = Release|Any CPU
		{9FB6013B-2AD0-418E-8613-3F2D651CE47F}.Debug|Any CPU.ActiveCfg = Debug|Any CPU
		{9FB6013B-2AD0-418E-8613-3F2D651CE47F}.Debug|Any CPU.Build.0 = Debug|Any CPU
		{9FB6013B-2AD0-418E-8613-3F2D651CE47F}.Release|Any CPU.ActiveCfg = Release|Any CPU
		{9FB6013B-2AD0-418E-8613-3F2D651CE47F}.Release|Any CPU.Build.0 = Release|Any CPU
		{C90BEC72-AD00-4D63-BBFE-FB66830EED28}.Debug|Any CPU.ActiveCfg = Debug|Any CPU
		{C90BEC72-AD00-4D63-BBFE-FB66830EED28}.Debug|Any CPU.Build.0 = Debug|Any CPU
		{C90BEC72-AD00-4D63-BBFE-FB66830EED28}.Release|Any CPU.ActiveCfg = Release|Any CPU
		{C90BEC72-AD00-4D63-BBFE-FB66830EED28}.Release|Any CPU.Build.0 = Release|Any CPU
		{DECC8FC7-A6A6-40EF-9534-24FAB5FF91C2}.Debug|Any CPU.ActiveCfg = Debug|Any CPU
		{DECC8FC7-A6A6-40EF-9534-24FAB5FF91C2}.Debug|Any CPU.Build.0 = Debug|Any CPU
		{DECC8FC7-A6A6-40EF-9534-24FAB5FF91C2}.Release|Any CPU.ActiveCfg = Release|Any CPU
		{DECC8FC7-A6A6-40EF-9534-24FAB5FF91C2}.Release|Any CPU.Build.0 = Release|Any CPU
		{4B5B7FB1-C073-44E0-A066-3A5E87A4282D}.Debug|Any CPU.ActiveCfg = Debug|Any CPU
		{4B5B7FB1-C073-44E0-A066-3A5E87A4282D}.Debug|Any CPU.Build.0 = Debug|Any CPU
		{4B5B7FB1-C073-44E0-A066-3A5E87A4282D}.Release|Any CPU.ActiveCfg = Release|Any CPU
		{4B5B7FB1-C073-44E0-A066-3A5E87A4282D}.Release|Any CPU.Build.0 = Release|Any CPU
		{33FAA120-D8D2-4D17-BE12-74376178573A}.Debug|Any CPU.ActiveCfg = Debug|Any CPU
		{33FAA120-D8D2-4D17-BE12-74376178573A}.Debug|Any CPU.Build.0 = Debug|Any CPU
		{33FAA120-D8D2-4D17-BE12-74376178573A}.Release|Any CPU.ActiveCfg = Release|Any CPU
		{33FAA120-D8D2-4D17-BE12-74376178573A}.Release|Any CPU.Build.0 = Release|Any CPU
		{C3894346-1E94-4B60-8415-ECD1EF6AE792}.Debug|Any CPU.ActiveCfg = Debug|Any CPU
		{C3894346-1E94-4B60-8415-ECD1EF6AE792}.Debug|Any CPU.Build.0 = Debug|Any CPU
		{C3894346-1E94-4B60-8415-ECD1EF6AE792}.Release|Any CPU.ActiveCfg = Release|Any CPU
		{C3894346-1E94-4B60-8415-ECD1EF6AE792}.Release|Any CPU.Build.0 = Release|Any CPU
		{AD2A62B7-B215-4FB3-9BCF-530B7BD3872C}.Debug|Any CPU.ActiveCfg = Debug|Any CPU
		{AD2A62B7-B215-4FB3-9BCF-530B7BD3872C}.Debug|Any CPU.Build.0 = Debug|Any CPU
		{AD2A62B7-B215-4FB3-9BCF-530B7BD3872C}.Release|Any CPU.ActiveCfg = Release|Any CPU
		{AD2A62B7-B215-4FB3-9BCF-530B7BD3872C}.Release|Any CPU.Build.0 = Release|Any CPU
		{ADE882FE-0EA2-4AFD-8A5D-7BBCEA0428CC}.Debug|Any CPU.ActiveCfg = Debug|Any CPU
		{ADE882FE-0EA2-4AFD-8A5D-7BBCEA0428CC}.Debug|Any CPU.Build.0 = Debug|Any CPU
		{ADE882FE-0EA2-4AFD-8A5D-7BBCEA0428CC}.Release|Any CPU.ActiveCfg = Release|Any CPU
		{ADE882FE-0EA2-4AFD-8A5D-7BBCEA0428CC}.Release|Any CPU.Build.0 = Release|Any CPU
		{F1FC4DDB-E078-451B-A752-A48A99F8DFF9}.Debug|Any CPU.ActiveCfg = Debug|Any CPU
		{F1FC4DDB-E078-451B-A752-A48A99F8DFF9}.Debug|Any CPU.Build.0 = Debug|Any CPU
		{F1FC4DDB-E078-451B-A752-A48A99F8DFF9}.Release|Any CPU.ActiveCfg = Release|Any CPU
		{F1FC4DDB-E078-451B-A752-A48A99F8DFF9}.Release|Any CPU.Build.0 = Release|Any CPU
		{B3279090-2332-4485-9B0D-74281DBBD560}.Debug|Any CPU.ActiveCfg = Debug|Any CPU
		{B3279090-2332-4485-9B0D-74281DBBD560}.Debug|Any CPU.Build.0 = Debug|Any CPU
		{B3279090-2332-4485-9B0D-74281DBBD560}.Release|Any CPU.ActiveCfg = Release|Any CPU
		{B3279090-2332-4485-9B0D-74281DBBD560}.Release|Any CPU.Build.0 = Release|Any CPU
		{4FEA1B00-40A1-4805-9F3C-E33E3E632C61}.Debug|Any CPU.ActiveCfg = Debug|Any CPU
		{4FEA1B00-40A1-4805-9F3C-E33E3E632C61}.Debug|Any CPU.Build.0 = Debug|Any CPU
		{4FEA1B00-40A1-4805-9F3C-E33E3E632C61}.Release|Any CPU.ActiveCfg = Release|Any CPU
		{4FEA1B00-40A1-4805-9F3C-E33E3E632C61}.Release|Any CPU.Build.0 = Release|Any CPU
		{2AC516A0-DC47-49CA-B30F-49AEF7D59BD7}.Debug|Any CPU.ActiveCfg = Debug|Any CPU
		{2AC516A0-DC47-49CA-B30F-49AEF7D59BD7}.Debug|Any CPU.Build.0 = Debug|Any CPU
		{2AC516A0-DC47-49CA-B30F-49AEF7D59BD7}.Release|Any CPU.ActiveCfg = Release|Any CPU
		{2AC516A0-DC47-49CA-B30F-49AEF7D59BD7}.Release|Any CPU.Build.0 = Release|Any CPU
		{9A7B8BD6-27AA-4715-ADD7-6BC46CE1C2E6}.Debug|Any CPU.ActiveCfg = Debug|Any CPU
		{9A7B8BD6-27AA-4715-ADD7-6BC46CE1C2E6}.Debug|Any CPU.Build.0 = Debug|Any CPU
		{9A7B8BD6-27AA-4715-ADD7-6BC46CE1C2E6}.Release|Any CPU.ActiveCfg = Release|Any CPU
		{9A7B8BD6-27AA-4715-ADD7-6BC46CE1C2E6}.Release|Any CPU.Build.0 = Release|Any CPU
		{38E0C1E8-B3B9-4E0F-A7B0-BAF9DC0D5541}.Debug|Any CPU.ActiveCfg = Debug|Any CPU
		{38E0C1E8-B3B9-4E0F-A7B0-BAF9DC0D5541}.Debug|Any CPU.Build.0 = Debug|Any CPU
		{38E0C1E8-B3B9-4E0F-A7B0-BAF9DC0D5541}.Release|Any CPU.ActiveCfg = Release|Any CPU
		{38E0C1E8-B3B9-4E0F-A7B0-BAF9DC0D5541}.Release|Any CPU.Build.0 = Release|Any CPU
		{8E461A12-2F89-4471-A22B-07490362AE50}.Debug|Any CPU.ActiveCfg = Debug|Any CPU
		{8E461A12-2F89-4471-A22B-07490362AE50}.Debug|Any CPU.Build.0 = Debug|Any CPU
		{8E461A12-2F89-4471-A22B-07490362AE50}.Release|Any CPU.ActiveCfg = Release|Any CPU
		{8E461A12-2F89-4471-A22B-07490362AE50}.Release|Any CPU.Build.0 = Release|Any CPU
		{A20A6FDC-BFC0-4883-9036-72CF3ABFD548}.Debug|Any CPU.ActiveCfg = Debug|Any CPU
		{A20A6FDC-BFC0-4883-9036-72CF3ABFD548}.Debug|Any CPU.Build.0 = Debug|Any CPU
		{A20A6FDC-BFC0-4883-9036-72CF3ABFD548}.Release|Any CPU.ActiveCfg = Release|Any CPU
		{A20A6FDC-BFC0-4883-9036-72CF3ABFD548}.Release|Any CPU.Build.0 = Release|Any CPU
		{A84AA9A3-AF54-4724-9403-A9E06899F84B}.Debug|Any CPU.ActiveCfg = Debug|Any CPU
		{A84AA9A3-AF54-4724-9403-A9E06899F84B}.Debug|Any CPU.Build.0 = Debug|Any CPU
		{A84AA9A3-AF54-4724-9403-A9E06899F84B}.Release|Any CPU.ActiveCfg = Release|Any CPU
		{A84AA9A3-AF54-4724-9403-A9E06899F84B}.Release|Any CPU.Build.0 = Release|Any CPU
		{658434D2-9B12-4754-9410-8053985F2BBA}.Debug|Any CPU.ActiveCfg = Debug|Any CPU
		{658434D2-9B12-4754-9410-8053985F2BBA}.Debug|Any CPU.Build.0 = Debug|Any CPU
		{658434D2-9B12-4754-9410-8053985F2BBA}.Release|Any CPU.ActiveCfg = Release|Any CPU
		{658434D2-9B12-4754-9410-8053985F2BBA}.Release|Any CPU.Build.0 = Release|Any CPU
		{E48E7B7D-3068-4E1D-82D5-F14442F72147}.Debug|Any CPU.ActiveCfg = Debug|Any CPU
		{E48E7B7D-3068-4E1D-82D5-F14442F72147}.Debug|Any CPU.Build.0 = Debug|Any CPU
		{E48E7B7D-3068-4E1D-82D5-F14442F72147}.Release|Any CPU.ActiveCfg = Release|Any CPU
		{E48E7B7D-3068-4E1D-82D5-F14442F72147}.Release|Any CPU.Build.0 = Release|Any CPU
		{5BB66915-2D7E-4FAA-A783-59050894C867}.Debug|Any CPU.ActiveCfg = Debug|Any CPU
		{5BB66915-2D7E-4FAA-A783-59050894C867}.Debug|Any CPU.Build.0 = Debug|Any CPU
		{5BB66915-2D7E-4FAA-A783-59050894C867}.Release|Any CPU.ActiveCfg = Release|Any CPU
		{5BB66915-2D7E-4FAA-A783-59050894C867}.Release|Any CPU.Build.0 = Release|Any CPU
		{6E527917-50E4-4466-924D-856A9B54C711}.Debug|Any CPU.ActiveCfg = Debug|Any CPU
		{6E527917-50E4-4466-924D-856A9B54C711}.Debug|Any CPU.Build.0 = Debug|Any CPU
		{6E527917-50E4-4466-924D-856A9B54C711}.Release|Any CPU.ActiveCfg = Release|Any CPU
		{6E527917-50E4-4466-924D-856A9B54C711}.Release|Any CPU.Build.0 = Release|Any CPU
		{51CC2D0D-A8E2-45C8-A4A5-0F11CBB5A774}.Debug|Any CPU.ActiveCfg = Debug|Any CPU
		{51CC2D0D-A8E2-45C8-A4A5-0F11CBB5A774}.Debug|Any CPU.Build.0 = Debug|Any CPU
		{51CC2D0D-A8E2-45C8-A4A5-0F11CBB5A774}.Release|Any CPU.ActiveCfg = Release|Any CPU
		{51CC2D0D-A8E2-45C8-A4A5-0F11CBB5A774}.Release|Any CPU.Build.0 = Release|Any CPU
	EndGlobalSection
	GlobalSection(SolutionProperties) = preSolution
		HideSolutionNode = FALSE
	EndGlobalSection
	GlobalSection(NestedProjects) = preSolution
		{D38328A3-7465-4F68-9EE8-0083EB4647DE} = {745BABDB-C2BC-451A-8CC7-2F278746C72E}
		{E0A980A1-2D99-47A6-ADB9-EAC86E26BC6C} = {745BABDB-C2BC-451A-8CC7-2F278746C72E}
		{9FB6013B-2AD0-418E-8613-3F2D651CE47F} = {745BABDB-C2BC-451A-8CC7-2F278746C72E}
		{C90BEC72-AD00-4D63-BBFE-FB66830EED28} = {66429E6F-1BED-41D8-9855-CC5F4631F258}
		{DECC8FC7-A6A6-40EF-9534-24FAB5FF91C2} = {66429E6F-1BED-41D8-9855-CC5F4631F258}
		{4B5B7FB1-C073-44E0-A066-3A5E87A4282D} = {66429E6F-1BED-41D8-9855-CC5F4631F258}
		{33FAA120-D8D2-4D17-BE12-74376178573A} = {375F4CD8-6267-4917-BC53-27438D00C182}
		{C3894346-1E94-4B60-8415-ECD1EF6AE792} = {375F4CD8-6267-4917-BC53-27438D00C182}
		{AD2A62B7-B215-4FB3-9BCF-530B7BD3872C} = {375F4CD8-6267-4917-BC53-27438D00C182}
		{ADE882FE-0EA2-4AFD-8A5D-7BBCEA0428CC} = {FB228E09-075A-4BB4-B821-B31042974FC0}
		{F1FC4DDB-E078-451B-A752-A48A99F8DFF9} = {FB228E09-075A-4BB4-B821-B31042974FC0}
		{B3279090-2332-4485-9B0D-74281DBBD560} = {FB228E09-075A-4BB4-B821-B31042974FC0}
		{4FEA1B00-40A1-4805-9F3C-E33E3E632C61} = {F869F3C3-8E51-4509-809B-A5ABC0089693}
		{2AC516A0-DC47-49CA-B30F-49AEF7D59BD7} = {F869F3C3-8E51-4509-809B-A5ABC0089693}
		{9A7B8BD6-27AA-4715-ADD7-6BC46CE1C2E6} = {F869F3C3-8E51-4509-809B-A5ABC0089693}
		{38E0C1E8-B3B9-4E0F-A7B0-BAF9DC0D5541} = {DD0BA6AB-32FA-469E-9E00-32D1F3907904}
		{8E461A12-2F89-4471-A22B-07490362AE50} = {DD0BA6AB-32FA-469E-9E00-32D1F3907904}
		{A20A6FDC-BFC0-4883-9036-72CF3ABFD548} = {DD0BA6AB-32FA-469E-9E00-32D1F3907904}
		{A84AA9A3-AF54-4724-9403-A9E06899F84B} = {839E7129-99C1-482C-9494-DEE677D6FDDB}
		{658434D2-9B12-4754-9410-8053985F2BBA} = {839E7129-99C1-482C-9494-DEE677D6FDDB}
		{E48E7B7D-3068-4E1D-82D5-F14442F72147} = {839E7129-99C1-482C-9494-DEE677D6FDDB}
		{5BB66915-2D7E-4FAA-A783-59050894C867} = {18129A39-5074-4AB8-9520-DCFC091230EE}
		{6E527917-50E4-4466-924D-856A9B54C711} = {18129A39-5074-4AB8-9520-DCFC091230EE}
		{51CC2D0D-A8E2-45C8-A4A5-0F11CBB5A774} = {18129A39-5074-4AB8-9520-DCFC091230EE}
	EndGlobalSection
	GlobalSection(ExtensibilityGlobals) = postSolution
		SolutionGuid = {A888BD2F-423E-4984-BBFC-F2CF8574DF5F}
	EndGlobalSection
EndGlobal
